
Microsoft Visual Studio Solution File, Format Version 12.00
# Visual Studio Version 16
VisualStudioVersion = 16.0.31702.278
MinimumVisualStudioVersion = 10.0.40219.1
Project("{9A19103F-16F7-4668-BE54-9A1E7A4F7556}") = "Api", "Api\Api.csproj", "{2893655E-9426-405B-88E1-CBECDAF24437}"
EndProject
Project("{9A19103F-16F7-4668-BE54-9A1E7A4F7556}") = "Data", "Data\Data.csproj", "{C6A4BD0E-637D-48BF-BDDE-DF8B8BCE8BCF}"
EndProject
Project("{9A19103F-16F7-4668-BE54-9A1E7A4F7556}") = "Business", "Business\Business.csproj", "{A00276E0-E17A-4FE9-A803-854561BF472E}"
EndProject
Project("{FAE04EC0-301F-11D3-BF4B-00C04F79EFBC}") = "Tests", "Tests\Tests.csproj", "{5599C72E-C74B-4805-A88C-DA9F3FFF7FA3}"
EndProject
Global
	GlobalSection(SolutionConfigurationPlatforms) = preSolution
		Debug|Any CPU = Debug|Any CPU
		Release|Any CPU = Release|Any CPU
	EndGlobalSection
	GlobalSection(ProjectConfigurationPlatforms) = postSolution
		{2893655E-9426-405B-88E1-CBECDAF24437}.Debug|Any CPU.ActiveCfg = Debug|Any CPU
		{2893655E-9426-405B-88E1-CBECDAF24437}.Debug|Any CPU.Build.0 = Debug|Any CPU
		{2893655E-9426-405B-88E1-CBECDAF24437}.Release|Any CPU.ActiveCfg = Release|Any CPU
		{2893655E-9426-405B-88E1-CBECDAF24437}.Release|Any CPU.Build.0 = Release|Any CPU
		{C6A4BD0E-637D-48BF-BDDE-DF8B8BCE8BCF}.Debug|Any CPU.ActiveCfg = Debug|Any CPU
		{C6A4BD0E-637D-48BF-BDDE-DF8B8BCE8BCF}.Debug|Any CPU.Build.0 = Debug|Any CPU
		{C6A4BD0E-637D-48BF-BDDE-DF8B8BCE8BCF}.Release|Any CPU.ActiveCfg = Release|Any CPU
		{C6A4BD0E-637D-48BF-BDDE-DF8B8BCE8BCF}.Release|Any CPU.Build.0 = Release|Any CPU
		{A00276E0-E17A-4FE9-A803-854561BF472E}.Debug|Any CPU.ActiveCfg = Debug|Any CPU
		{A00276E0-E17A-4FE9-A803-854561BF472E}.Debug|Any CPU.Build.0 = Debug|Any CPU
		{A00276E0-E17A-4FE9-A803-854561BF472E}.Release|Any CPU.ActiveCfg = Release|Any CPU
		{A00276E0-E17A-4FE9-A803-854561BF472E}.Release|Any CPU.Build.0 = Release|Any CPU
		{5599C72E-C74B-4805-A88C-DA9F3FFF7FA3}.Debug|Any CPU.ActiveCfg = Debug|Any CPU
		{5599C72E-C74B-4805-A88C-DA9F3FFF7FA3}.Debug|Any CPU.Build.0 = Debug|Any CPU
		{5599C72E-C74B-4805-A88C-DA9F3FFF7FA3}.Release|Any CPU.ActiveCfg = Release|Any CPU
		{5599C72E-C74B-4805-A88C-DA9F3FFF7FA3}.Release|Any CPU.Build.0 = Release|Any CPU
	EndGlobalSection
	GlobalSection(SolutionProperties) = preSolution
		HideSolutionNode = FALSE
	EndGlobalSection
	GlobalSection(ExtensibilityGlobals) = postSolution
		SolutionGuid = {6EF5BB29-FA0D-4579-AB69-A17F5CDE7E45}
	EndGlobalSection
EndGlobal
